// !$*UTF8*$!
{
	archiveVersion = 1;
	classes = {
	};
	objectVersion = 50;
	objects = {

/* Begin PBXBuildFile section */
		C43ABD3023FFC9DA00D6D4FE /* AppDelegate.swift in Sources */ = {isa = PBXBuildFile; fileRef = C43ABD2F23FFC9DA00D6D4FE /* AppDelegate.swift */; };
		C43ABD3223FFC9DA00D6D4FE /* SceneDelegate.swift in Sources */ = {isa = PBXBuildFile; fileRef = C43ABD3123FFC9DA00D6D4FE /* SceneDelegate.swift */; };
		C43ABD3723FFC9DA00D6D4FE /* Main.storyboard in Resources */ = {isa = PBXBuildFile; fileRef = C43ABD3523FFC9DA00D6D4FE /* Main.storyboard */; };
		C43ABD3923FFC9DC00D6D4FE /* Assets.xcassets in Resources */ = {isa = PBXBuildFile; fileRef = C43ABD3823FFC9DC00D6D4FE /* Assets.xcassets */; };
		C43ABD3C23FFC9DC00D6D4FE /* LaunchScreen.storyboard in Resources */ = {isa = PBXBuildFile; fileRef = C43ABD3A23FFC9DC00D6D4FE /* LaunchScreen.storyboard */; };
		C43ABD4423FFCAAE00D6D4FE /* HeaderTableViewController.swift in Sources */ = {isa = PBXBuildFile; fileRef = C43ABD4323FFCAAE00D6D4FE /* HeaderTableViewController.swift */; };
		C43ABD4623FFCB8100D6D4FE /* HeaderTableViewCell.swift in Sources */ = {isa = PBXBuildFile; fileRef = C43ABD4523FFCB8100D6D4FE /* HeaderTableViewCell.swift */; };
		C43ABD4823FFD8D800D6D4FE /* ReadRecipeViewController.swift in Sources */ = {isa = PBXBuildFile; fileRef = C43ABD4723FFD8D800D6D4FE /* ReadRecipeViewController.swift */; };
		C43ABD4A23FFD8FD00D6D4FE /* ReadRecipeImageTableViewCell.swift in Sources */ = {isa = PBXBuildFile; fileRef = C43ABD4923FFD8FD00D6D4FE /* ReadRecipeImageTableViewCell.swift */; };
		C43ABD4C23FFD90900D6D4FE /* ReadRecipeTableViewCell.swift in Sources */ = {isa = PBXBuildFile; fileRef = C43ABD4B23FFD90900D6D4FE /* ReadRecipeTableViewCell.swift */; };
/* End PBXBuildFile section */

/* Begin PBXFileReference section */
		C43ABD2C23FFC9DA00D6D4FE /* RecipeApp.app */ = {isa = PBXFileReference; explicitFileType = wrapper.application; includeInIndex = 0; path = RecipeApp.app; sourceTree = BUILT_PRODUCTS_DIR; };
		C43ABD2F23FFC9DA00D6D4FE /* AppDelegate.swift */ = {isa = PBXFileReference; lastKnownFileType = sourcecode.swift; path = AppDelegate.swift; sourceTree = "<group>"; };
		C43ABD3123FFC9DA00D6D4FE /* SceneDelegate.swift */ = {isa = PBXFileReference; lastKnownFileType = sourcecode.swift; path = SceneDelegate.swift; sourceTree = "<group>"; };
		C43ABD3623FFC9DA00D6D4FE /* Base */ = {isa = PBXFileReference; lastKnownFileType = file.storyboard; name = Base; path = Base.lproj/Main.storyboard; sourceTree = "<group>"; };
		C43ABD3823FFC9DC00D6D4FE /* Assets.xcassets */ = {isa = PBXFileReference; lastKnownFileType = folder.assetcatalog; path = Assets.xcassets; sourceTree = "<group>"; };
		C43ABD3B23FFC9DC00D6D4FE /* Base */ = {isa = PBXFileReference; lastKnownFileType = file.storyboard; name = Base; path = Base.lproj/LaunchScreen.storyboard; sourceTree = "<group>"; };
		C43ABD3D23FFC9DC00D6D4FE /* Info.plist */ = {isa = PBXFileReference; lastKnownFileType = text.plist.xml; path = Info.plist; sourceTree = "<group>"; };
		C43ABD4323FFCAAE00D6D4FE /* HeaderTableViewController.swift */ = {isa = PBXFileReference; lastKnownFileType = sourcecode.swift; path = HeaderTableViewController.swift; sourceTree = "<group>"; };
		C43ABD4523FFCB8100D6D4FE /* HeaderTableViewCell.swift */ = {isa = PBXFileReference; lastKnownFileType = sourcecode.swift; path = HeaderTableViewCell.swift; sourceTree = "<group>"; };
		C43ABD4723FFD8D800D6D4FE /* ReadRecipeViewController.swift */ = {isa = PBXFileReference; lastKnownFileType = sourcecode.swift; path = ReadRecipeViewController.swift; sourceTree = "<group>"; };
		C43ABD4923FFD8FD00D6D4FE /* ReadRecipeImageTableViewCell.swift */ = {isa = PBXFileReference; lastKnownFileType = sourcecode.swift; path = ReadRecipeImageTableViewCell.swift; sourceTree = "<group>"; };
		C43ABD4B23FFD90900D6D4FE /* ReadRecipeTableViewCell.swift */ = {isa = PBXFileReference; lastKnownFileType = sourcecode.swift; path = ReadRecipeTableViewCell.swift; sourceTree = "<group>"; };
/* End PBXFileReference section */

/* Begin PBXFrameworksBuildPhase section */
		C43ABD2923FFC9DA00D6D4FE /* Frameworks */ = {
			isa = PBXFrameworksBuildPhase;
			buildActionMask = 2147483647;
			files = (
			);
			runOnlyForDeploymentPostprocessing = 0;
		};
/* End PBXFrameworksBuildPhase section */

/* Begin PBXGroup section */
		C43ABD2323FFC9DA00D6D4FE = {
			isa = PBXGroup;
			children = (
				C43ABD2E23FFC9DA00D6D4FE /* RecipeApp */,
				C43ABD2D23FFC9DA00D6D4FE /* Products */,
			);
			sourceTree = "<group>";
		};
		C43ABD2D23FFC9DA00D6D4FE /* Products */ = {
			isa = PBXGroup;
			children = (
				C43ABD2C23FFC9DA00D6D4FE /* RecipeApp.app */,
			);
			name = Products;
			sourceTree = "<group>";
		};
		C43ABD2E23FFC9DA00D6D4FE /* RecipeApp */ = {
			isa = PBXGroup;
			children = (
				C43ABD2F23FFC9DA00D6D4FE /* AppDelegate.swift */,
				C43ABD3123FFC9DA00D6D4FE /* SceneDelegate.swift */,
				C43ABD3523FFC9DA00D6D4FE /* Main.storyboard */,
				C43ABD4D23FFD91900D6D4FE /* ReadRecipe */,
				C43ABD4E23FFD94100D6D4FE /* Header */,
				C43ABD3823FFC9DC00D6D4FE /* Assets.xcassets */,
				C43ABD3A23FFC9DC00D6D4FE /* LaunchScreen.storyboard */,
				C43ABD3D23FFC9DC00D6D4FE /* Info.plist */,
			);
			path = RecipeApp;
			sourceTree = "<group>";
		};
		C43ABD4D23FFD91900D6D4FE /* ReadRecipe */ = {
			isa = PBXGroup;
			children = (
				C43ABD4923FFD8FD00D6D4FE /* ReadRecipeImageTableViewCell.swift */,
				C43ABD4B23FFD90900D6D4FE /* ReadRecipeTableViewCell.swift */,
				C43ABD4723FFD8D800D6D4FE /* ReadRecipeViewController.swift */,
			);
			name = ReadRecipe;
			sourceTree = "<group>";
		};
		C43ABD4E23FFD94100D6D4FE /* Header */ = {
			isa = PBXGroup;
			children = (
				C43ABD4523FFCB8100D6D4FE /* HeaderTableViewCell.swift */,
				C43ABD4323FFCAAE00D6D4FE /* HeaderTableViewController.swift */,
			);
			name = Header;
			sourceTree = "<group>";
		};
/* End PBXGroup section */

/* Begin PBXNativeTarget section */
		C43ABD2B23FFC9DA00D6D4FE /* RecipeApp */ = {
			isa = PBXNativeTarget;
			buildConfigurationList = C43ABD4023FFC9DC00D6D4FE /* Build configuration list for PBXNativeTarget "RecipeApp" */;
			buildPhases = (
				C43ABD2823FFC9DA00D6D4FE /* Sources */,
				C43ABD2923FFC9DA00D6D4FE /* Frameworks */,
				C43ABD2A23FFC9DA00D6D4FE /* Resources */,
			);
			buildRules = (
			);
			dependencies = (
			);
			name = RecipeApp;
			productName = RecipeApp;
			productReference = C43ABD2C23FFC9DA00D6D4FE /* RecipeApp.app */;
			productType = "com.apple.product-type.application";
		};
/* End PBXNativeTarget section */

/* Begin PBXProject section */
		C43ABD2423FFC9DA00D6D4FE /* Project object */ = {
			isa = PBXProject;
			attributes = {
				LastSwiftUpdateCheck = 1130;
				LastUpgradeCheck = 1130;
				ORGANIZATIONNAME = "Canderen Kaymak";
				TargetAttributes = {
					C43ABD2B23FFC9DA00D6D4FE = {
						CreatedOnToolsVersion = 11.3.1;
					};
				};
			};
			buildConfigurationList = C43ABD2723FFC9DA00D6D4FE /* Build configuration list for PBXProject "RecipeApp" */;
			compatibilityVersion = "Xcode 9.3";
			developmentRegion = en;
			hasScannedForEncodings = 0;
			knownRegions = (
				en,
				Base,
			);
			mainGroup = C43ABD2323FFC9DA00D6D4FE;
			productRefGroup = C43ABD2D23FFC9DA00D6D4FE /* Products */;
			projectDirPath = "";
			projectRoot = "";
			targets = (
				C43ABD2B23FFC9DA00D6D4FE /* RecipeApp */,
			);
		};
/* End PBXProject section */

/* Begin PBXResourcesBuildPhase section */
		C43ABD2A23FFC9DA00D6D4FE /* Resources */ = {
			isa = PBXResourcesBuildPhase;
			buildActionMask = 2147483647;
			files = (
				C43ABD3C23FFC9DC00D6D4FE /* LaunchScreen.storyboard in Resources */,
				C43ABD3923FFC9DC00D6D4FE /* Assets.xcassets in Resources */,
				C43ABD3723FFC9DA00D6D4FE /* Main.storyboard in Resources */,
			);
			runOnlyForDeploymentPostprocessing = 0;
		};
/* End PBXResourcesBuildPhase section */

/* Begin PBXSourcesBuildPhase section */
		C43ABD2823FFC9DA00D6D4FE /* Sources */ = {
			isa = PBXSourcesBuildPhase;
			buildActionMask = 2147483647;
			files = (
				C43ABD4623FFCB8100D6D4FE /* HeaderTableViewCell.swift in Sources */,
				C43ABD4A23FFD8FD00D6D4FE /* ReadRecipeImageTableViewCell.swift in Sources */,
				C43ABD4C23FFD90900D6D4FE /* ReadRecipeTableViewCell.swift in Sources */,
				C43ABD4423FFCAAE00D6D4FE /* HeaderTableViewController.swift in Sources */,
				C43ABD4823FFD8D800D6D4FE /* ReadRecipeViewController.swift in Sources */,
				C43ABD3023FFC9DA00D6D4FE /* AppDelegate.swift in Sources */,
				C43ABD3223FFC9DA00D6D4FE /* SceneDelegate.swift in Sources */,
			);
			runOnlyForDeploymentPostprocessing = 0;
		};
/* End PBXSourcesBuildPhase section */

/* Begin PBXVariantGroup section */
		C43ABD3523FFC9DA00D6D4FE /* Main.storyboard */ = {
			isa = PBXVariantGroup;
			children = (
				C43ABD3623FFC9DA00D6D4FE /* Base */,
			);
			name = Main.storyboard;
			sourceTree = "<group>";
		};
		C43ABD3A23FFC9DC00D6D4FE /* LaunchScreen.storyboard */ = {
			isa = PBXVariantGroup;
			children = (
				C43ABD3B23FFC9DC00D6D4FE /* Base */,
			);
			name = LaunchScreen.storyboard;
			sourceTree = "<group>";
		};
/* End PBXVariantGroup section */

/* Begin XCBuildConfiguration section */
		C43ABD3E23FFC9DC00D6D4FE /* Debug */ = {
			isa = XCBuildConfiguration;
			buildSettings = {
				ALWAYS_SEARCH_USER_PATHS = NO;
				CLANG_ANALYZER_NONNULL = YES;
				CLANG_ANALYZER_NUMBER_OBJECT_CONVERSION = YES_AGGRESSIVE;
				CLANG_CXX_LANGUAGE_STANDARD = "gnu++14";
				CLANG_CXX_LIBRARY = "libc++";
				CLANG_ENABLE_MODULES = YES;
				CLANG_ENABLE_OBJC_ARC = YES;
				CLANG_ENABLE_OBJC_WEAK = YES;
				CLANG_WARN_BLOCK_CAPTURE_AUTORELEASING = YES;
				CLANG_WARN_BOOL_CONVERSION = YES;
				CLANG_WARN_COMMA = YES;
				CLANG_WARN_CONSTANT_CONVERSION = YES;
				CLANG_WARN_DEPRECATED_OBJC_IMPLEMENTATIONS = YES;
				CLANG_WARN_DIRECT_OBJC_ISA_USAGE = YES_ERROR;
				CLANG_WARN_DOCUMENTATION_COMMENTS = YES;
				CLANG_WARN_EMPTY_BODY = YES;
				CLANG_WARN_ENUM_CONVERSION = YES;
				CLANG_WARN_INFINITE_RECURSION = YES;
				CLANG_WARN_INT_CONVERSION = YES;
				CLANG_WARN_NON_LITERAL_NULL_CONVERSION = YES;
				CLANG_WARN_OBJC_IMPLICIT_RETAIN_SELF = YES;
				CLANG_WARN_OBJC_LITERAL_CONVERSION = YES;
				CLANG_WARN_OBJC_ROOT_CLASS = YES_ERROR;
				CLANG_WARN_RANGE_LOOP_ANALYSIS = YES;
				CLANG_WARN_STRICT_PROTOTYPES = YES;
				CLANG_WARN_SUSPICIOUS_MOVE = YES;
				CLANG_WARN_UNGUARDED_AVAILABILITY = YES_AGGRESSIVE;
				CLANG_WARN_UNREACHABLE_CODE = YES;
				CLANG_WARN__DUPLICATE_METHOD_MATCH = YES;
				COPY_PHASE_STRIP = NO;
				DEBUG_INFORMATION_FORMAT = dwarf;
				ENABLE_STRICT_OBJC_MSGSEND = YES;
				ENABLE_TESTABILITY = YES;
				GCC_C_LANGUAGE_STANDARD = gnu11;
				GCC_DYNAMIC_NO_PIC = NO;
				GCC_NO_COMMON_BLOCKS = YES;
				GCC_OPTIMIZATION_LEVEL = 0;
				GCC_PREPROCESSOR_DEFINITIONS = (
					"DEBUG=1",
					"$(inherited)",
				);
				GCC_WARN_64_TO_32_BIT_CONVERSION = YES;
				GCC_WARN_ABOUT_RETURN_TYPE = YES_ERROR;
				GCC_WARN_UNDECLARED_SELECTOR = YES;
				GCC_WARN_UNINITIALIZED_AUTOS = YES_AGGRESSIVE;
				GCC_WARN_UNUSED_FUNCTION = YES;
				GCC_WARN_UNUSED_VARIABLE = YES;
				IPHONEOS_DEPLOYMENT_TARGET = 13.2;
				MTL_ENABLE_DEBUG_INFO = INCLUDE_SOURCE;
				MTL_FAST_MATH = YES;
				ONLY_ACTIVE_ARCH = YES;
				SDKROOT = iphoneos;
				SWIFT_ACTIVE_COMPILATION_CONDITIONS = DEBUG;
				SWIFT_OPTIMIZATION_LEVEL = "-Onone";
			};
			name = Debug;
		};
		C43ABD3F23FFC9DC00D6D4FE /* Release */ = {
			isa = XCBuildConfiguration;
			buildSettings = {
				ALWAYS_SEARCH_USER_PATHS = NO;
				CLANG_ANALYZER_NONNULL = YES;
				CLANG_ANALYZER_NUMBER_OBJECT_CONVERSION = YES_AGGRESSIVE;
				CLANG_CXX_LANGUAGE_STANDARD = "gnu++14";
				CLANG_CXX_LIBRARY = "libc++";
				CLANG_ENABLE_MODULES = YES;
				CLANG_ENABLE_OBJC_ARC = YES;
				CLANG_ENABLE_OBJC_WEAK = YES;
				CLANG_WARN_BLOCK_CAPTURE_AUTORELEASING = YES;
				CLANG_WARN_BOOL_CONVERSION = YES;
				CLANG_WARN_COMMA = YES;
				CLANG_WARN_CONSTANT_CONVERSION = YES;
				CLANG_WARN_DEPRECATED_OBJC_IMPLEMENTATIONS = YES;
				CLANG_WARN_DIRECT_OBJC_ISA_USAGE = YES_ERROR;
				CLANG_WARN_DOCUMENTATION_COMMENTS = YES;
				CLANG_WARN_EMPTY_BODY = YES;
				CLANG_WARN_ENUM_CONVERSION = YES;
				CLANG_WARN_INFINITE_RECURSION = YES;
				CLANG_WARN_INT_CONVERSION = YES;
				CLANG_WARN_NON_LITERAL_NULL_CONVERSION = YES;
				CLANG_WARN_OBJC_IMPLICIT_RETAIN_SELF = YES;
				CLANG_WARN_OBJC_LITERAL_CONVERSION = YES;
				CLANG_WARN_OBJC_ROOT_CLASS = YES_ERROR;
				CLANG_WARN_RANGE_LOOP_ANALYSIS = YES;
				CLANG_WARN_STRICT_PROTOTYPES = YES;
				CLANG_WARN_SUSPICIOUS_MOVE = YES;
				CLANG_WARN_UNGUARDED_AVAILABILITY = YES_AGGRESSIVE;
				CLANG_WARN_UNREACHABLE_CODE = YES;
				CLANG_WARN__DUPLICATE_METHOD_MATCH = YES;
				COPY_PHASE_STRIP = NO;
				DEBUG_INFORMATION_FORMAT = "dwarf-with-dsym";
				ENABLE_NS_ASSERTIONS = NO;
				ENABLE_STRICT_OBJC_MSGSEND = YES;
				GCC_C_LANGUAGE_STANDARD = gnu11;
				GCC_NO_COMMON_BLOCKS = YES;
				GCC_WARN_64_TO_32_BIT_CONVERSION = YES;
				GCC_WARN_ABOUT_RETURN_TYPE = YES_ERROR;
				GCC_WARN_UNDECLARED_SELECTOR = YES;
				GCC_WARN_UNINITIALIZED_AUTOS = YES_AGGRESSIVE;
				GCC_WARN_UNUSED_FUNCTION = YES;
				GCC_WARN_UNUSED_VARIABLE = YES;
				IPHONEOS_DEPLOYMENT_TARGET = 13.2;
				MTL_ENABLE_DEBUG_INFO = NO;
				MTL_FAST_MATH = YES;
				SDKROOT = iphoneos;
				SWIFT_COMPILATION_MODE = wholemodule;
				SWIFT_OPTIMIZATION_LEVEL = "-O";
				VALIDATE_PRODUCT = YES;
			};
			name = Release;
		};
		C43ABD4123FFC9DC00D6D4FE /* Debug */ = {
			isa = XCBuildConfiguration;
			buildSettings = {
				ASSETCATALOG_COMPILER_APPICON_NAME = AppIcon;
				CODE_SIGN_STYLE = Automatic;
				DEVELOPMENT_TEAM = 8U978Z9F7N;
				INFOPLIST_FILE = RecipeApp/Info.plist;
				LD_RUNPATH_SEARCH_PATHS = (
					"$(inherited)",
					"@executable_path/Frameworks",
				);
				PRODUCT_BUNDLE_IDENTIFIER = com.swiftTraining.RecipeApp;
				PRODUCT_NAME = "$(TARGET_NAME)";
				SWIFT_VERSION = 5.0;
				TARGETED_DEVICE_FAMILY = "1,2";
			};
			name = Debug;
		};
		C43ABD4223FFC9DC00D6D4FE /* Release */ = {
			isa = XCBuildConfiguration;
			buildSettings = {
				ASSETCATALOG_COMPILER_APPICON_NAME = AppIcon;
				CODE_SIGN_STYLE = Automatic;
				DEVELOPMENT_TEAM = 8U978Z9F7N;
				INFOPLIST_FILE = RecipeApp/Info.plist;
				LD_RUNPATH_SEARCH_PATHS = (
					"$(inherited)",
					"@executable_path/Frameworks",
				);
				PRODUCT_BUNDLE_IDENTIFIER = com.swiftTraining.RecipeApp;
				PRODUCT_NAME = "$(TARGET_NAME)";
				SWIFT_VERSION = 5.0;
				TARGETED_DEVICE_FAMILY = "1,2";
			};
			name = Release;
		};
/* End XCBuildConfiguration section */

/* Begin XCConfigurationList section */
		C43ABD2723FFC9DA00D6D4FE /* Build configuration list for PBXProject "RecipeApp" */ = {
			isa = XCConfigurationList;
			buildConfigurations = (
				C43ABD3E23FFC9DC00D6D4FE /* Debug */,
				C43ABD3F23FFC9DC00D6D4FE /* Release */,
			);
			defaultConfigurationIsVisible = 0;
			defaultConfigurationName = Release;
		};
		C43ABD4023FFC9DC00D6D4FE /* Build configuration list for PBXNativeTarget "RecipeApp" */ = {
			isa = XCConfigurationList;
			buildConfigurations = (
				C43ABD4123FFC9DC00D6D4FE /* Debug */,
				C43ABD4223FFC9DC00D6D4FE /* Release */,
			);
			defaultConfigurationIsVisible = 0;
			defaultConfigurationName = Release;
		};
/* End XCConfigurationList section */
	};
	rootObject = C43ABD2423FFC9DA00D6D4FE /* Project object */;
}
